
Microsoft Visual Studio Solution File, Format Version 12.00
# Visual Studio 15
VisualStudioVersion = 15.0.27428.2043
MinimumVisualStudioVersion = 10.0.40219.1
Project("{9A19103F-16F7-4668-BE54-9A1E7A4F7556}") = "ShaunToDoProject", "ShaunToDoProject\ShaunToDoProject.csproj", "{ECA2038F-753A-4511-BFDD-6BA0EE235FC3}"
EndProject
Project("{9A19103F-16F7-4668-BE54-9A1E7A4F7556}") = "HaroldToDo", "HaroldToDo\HaroldToDo.csproj", "{00530B13-1C66-4D28-AAE9-4265424D78FA}"
EndProject
Project("{FAE04EC0-301F-11D3-BF4B-00C04F79EFBC}") = "ShaunToDoProject.Tests", "ShaunToDoProject.Tests\ShaunToDoProject.Tests.csproj", "{D2DB90AD-221D-4159-9E37-6D3DB1B17888}"
EndProject
Global
	GlobalSection(SolutionConfigurationPlatforms) = preSolution
		Debug|Any CPU = Debug|Any CPU
		Release|Any CPU = Release|Any CPU
	EndGlobalSection
	GlobalSection(ProjectConfigurationPlatforms) = postSolution
		{ECA2038F-753A-4511-BFDD-6BA0EE235FC3}.Debug|Any CPU.ActiveCfg = Debug|Any CPU
		{ECA2038F-753A-4511-BFDD-6BA0EE235FC3}.Debug|Any CPU.Build.0 = Debug|Any CPU
		{ECA2038F-753A-4511-BFDD-6BA0EE235FC3}.Release|Any CPU.ActiveCfg = Release|Any CPU
		{ECA2038F-753A-4511-BFDD-6BA0EE235FC3}.Release|Any CPU.Build.0 = Release|Any CPU
		{00530B13-1C66-4D28-AAE9-4265424D78FA}.Debug|Any CPU.ActiveCfg = Debug|Any CPU
		{00530B13-1C66-4D28-AAE9-4265424D78FA}.Debug|Any CPU.Build.0 = Debug|Any CPU
		{00530B13-1C66-4D28-AAE9-4265424D78FA}.Release|Any CPU.ActiveCfg = Release|Any CPU
		{00530B13-1C66-4D28-AAE9-4265424D78FA}.Release|Any CPU.Build.0 = Release|Any CPU
		{D2DB90AD-221D-4159-9E37-6D3DB1B17888}.Debug|Any CPU.ActiveCfg = Debug|Any CPU
		{D2DB90AD-221D-4159-9E37-6D3DB1B17888}.Debug|Any CPU.Build.0 = Debug|Any CPU
		{D2DB90AD-221D-4159-9E37-6D3DB1B17888}.Release|Any CPU.ActiveCfg = Release|Any CPU
		{D2DB90AD-221D-4159-9E37-6D3DB1B17888}.Release|Any CPU.Build.0 = Release|Any CPU
	EndGlobalSection
	GlobalSection(SolutionProperties) = preSolution
		HideSolutionNode = FALSE
	EndGlobalSection
	GlobalSection(ExtensibilityGlobals) = postSolution
		SolutionGuid = {C38411B7-9F61-4E3A-9255-D35385BA05DC}
	EndGlobalSection
EndGlobal
