
Microsoft Visual Studio Solution File, Format Version 12.00
# Visual Studio 15
VisualStudioVersion = 15.0.27428.2043
MinimumVisualStudioVersion = 10.0.40219.1
Project("{9A19103F-16F7-4668-BE54-9A1E7A4F7556}") = "ShaunApi", "ShaunApi\ShaunApi.csproj", "{0017FD98-2220-44D0-B544-AE4EC138023D}"
EndProject
Project("{9A19103F-16F7-4668-BE54-9A1E7A4F7556}") = "HaroldApi", "HaroldApi\HaroldApi.csproj", "{29DCFD00-DADC-496F-A079-0E4CB16852C1}"
EndProject
Project("{9A19103F-16F7-4668-BE54-9A1E7A4F7556}") = "ShaunDTO", "ShaunDTO\ShaunDTO.csproj", "{7B99E1FA-C836-4994-A78E-2F9E9E2E5544}"
EndProject
Project("{9A19103F-16F7-4668-BE54-9A1E7A4F7556}") = "HaroldDTO", "HaroldDTO\HaroldDTO.csproj", "{EE1DF28A-534F-4643-BAAE-4690ABD8D64F}"
EndProject
Project("{9A19103F-16F7-4668-BE54-9A1E7A4F7556}") = "ShaunFrontEnd", "ShaunFrontEnd\ShaunFrontEnd.csproj", "{3BEF4618-0F28-46E9-8C6D-1CD51F82089A}"
EndProject
Project("{9A19103F-16F7-4668-BE54-9A1E7A4F7556}") = "HaroldFrontEnd", "HaroldFrontEnd\HaroldFrontEnd.csproj", "{5562E762-696A-4348-A353-502D8077AFD0}"
EndProject
Project("{9A19103F-16F7-4668-BE54-9A1E7A4F7556}") = "ShaunSPA", "ShaunSPA\ShaunSPA.csproj", "{3F463F8A-1C1A-46D3-B281-BB4689E1307B}"
EndProject
Project("{9A19103F-16F7-4668-BE54-9A1E7A4F7556}") = "HaroldSPA", "HaroldSPA\HaroldSPA.csproj", "{D89EDABE-DC6C-4A8D-8A9D-10FB94E74044}"
EndProject
Project("{2150E333-8FDC-42A3-9474-1A3956D46DE8}") = "Harold", "Harold", "{D30D9FF2-7B60-4E24-8D08-9A971A8063FD}"
EndProject
Project("{2150E333-8FDC-42A3-9474-1A3956D46DE8}") = "Shaun", "Shaun", "{010D220C-862D-4928-889B-D7D62945CECA}"
EndProject
Project("{FAE04EC0-301F-11D3-BF4B-00C04F79EFBC}") = "ShaunMobile.Android", "ShaunMobile\ShaunMobile.Android\ShaunMobile.Android.csproj", "{ADF7ADD4-42B6-4E57-BFEF-B443FAC4318E}"
EndProject
Project("{FAE04EC0-301F-11D3-BF4B-00C04F79EFBC}") = "ShaunMobile.iOS", "ShaunMobile\ShaunMobile.iOS\ShaunMobile.iOS.csproj", "{262E0562-A557-4A4D-B6B1-AD50BFD3001C}"
EndProject
Project("{D954291E-2A0B-460D-934E-DC6B0785DB48}") = "ShaunMobile", "ShaunMobile\ShaunMobile\ShaunMobile.shproj", "{3CF1BE86-9097-41EB-915F-E64180B7E8A5}"
EndProject
Global
	GlobalSection(SharedMSBuildProjectFiles) = preSolution
		ShaunMobile\ShaunMobile\ShaunMobile.projitems*{262e0562-a557-4a4d-b6b1-ad50bfd3001c}*SharedItemsImports = 4
		ShaunMobile\ShaunMobile\ShaunMobile.projitems*{3cf1be86-9097-41eb-915f-e64180b7e8a5}*SharedItemsImports = 13
		ShaunMobile\ShaunMobile\ShaunMobile.projitems*{adf7add4-42b6-4e57-bfef-b443fac4318e}*SharedItemsImports = 4
	EndGlobalSection
	GlobalSection(SolutionConfigurationPlatforms) = preSolution
		Ad-Hoc|Any CPU = Ad-Hoc|Any CPU
		Ad-Hoc|iPhone = Ad-Hoc|iPhone
		Ad-Hoc|iPhoneSimulator = Ad-Hoc|iPhoneSimulator
		AppStore|Any CPU = AppStore|Any CPU
		AppStore|iPhone = AppStore|iPhone
		AppStore|iPhoneSimulator = AppStore|iPhoneSimulator
		Debug|Any CPU = Debug|Any CPU
		Debug|iPhone = Debug|iPhone
		Debug|iPhoneSimulator = Debug|iPhoneSimulator
		Release|Any CPU = Release|Any CPU
		Release|iPhone = Release|iPhone
		Release|iPhoneSimulator = Release|iPhoneSimulator
	EndGlobalSection
	GlobalSection(ProjectConfigurationPlatforms) = postSolution
		{0017FD98-2220-44D0-B544-AE4EC138023D}.Ad-Hoc|Any CPU.ActiveCfg = Release|Any CPU
		{0017FD98-2220-44D0-B544-AE4EC138023D}.Ad-Hoc|Any CPU.Build.0 = Release|Any CPU
		{0017FD98-2220-44D0-B544-AE4EC138023D}.Ad-Hoc|iPhone.ActiveCfg = Release|Any CPU
		{0017FD98-2220-44D0-B544-AE4EC138023D}.Ad-Hoc|iPhone.Build.0 = Release|Any CPU
		{0017FD98-2220-44D0-B544-AE4EC138023D}.Ad-Hoc|iPhoneSimulator.ActiveCfg = Release|Any CPU
		{0017FD98-2220-44D0-B544-AE4EC138023D}.Ad-Hoc|iPhoneSimulator.Build.0 = Release|Any CPU
		{0017FD98-2220-44D0-B544-AE4EC138023D}.AppStore|Any CPU.ActiveCfg = Release|Any CPU
		{0017FD98-2220-44D0-B544-AE4EC138023D}.AppStore|Any CPU.Build.0 = Release|Any CPU
		{0017FD98-2220-44D0-B544-AE4EC138023D}.AppStore|iPhone.ActiveCfg = Release|Any CPU
		{0017FD98-2220-44D0-B544-AE4EC138023D}.AppStore|iPhone.Build.0 = Release|Any CPU
		{0017FD98-2220-44D0-B544-AE4EC138023D}.AppStore|iPhoneSimulator.ActiveCfg = Release|Any CPU
		{0017FD98-2220-44D0-B544-AE4EC138023D}.AppStore|iPhoneSimulator.Build.0 = Release|Any CPU
		{0017FD98-2220-44D0-B544-AE4EC138023D}.Debug|Any CPU.ActiveCfg = Debug|Any CPU
		{0017FD98-2220-44D0-B544-AE4EC138023D}.Debug|Any CPU.Build.0 = Debug|Any CPU
		{0017FD98-2220-44D0-B544-AE4EC138023D}.Debug|iPhone.ActiveCfg = Debug|Any CPU
		{0017FD98-2220-44D0-B544-AE4EC138023D}.Debug|iPhone.Build.0 = Debug|Any CPU
		{0017FD98-2220-44D0-B544-AE4EC138023D}.Debug|iPhoneSimulator.ActiveCfg = Debug|Any CPU
		{0017FD98-2220-44D0-B544-AE4EC138023D}.Debug|iPhoneSimulator.Build.0 = Debug|Any CPU
		{0017FD98-2220-44D0-B544-AE4EC138023D}.Release|Any CPU.ActiveCfg = Release|Any CPU
		{0017FD98-2220-44D0-B544-AE4EC138023D}.Release|Any CPU.Build.0 = Release|Any CPU
		{0017FD98-2220-44D0-B544-AE4EC138023D}.Release|iPhone.ActiveCfg = Release|Any CPU
		{0017FD98-2220-44D0-B544-AE4EC138023D}.Release|iPhone.Build.0 = Release|Any CPU
		{0017FD98-2220-44D0-B544-AE4EC138023D}.Release|iPhoneSimulator.ActiveCfg = Release|Any CPU
		{0017FD98-2220-44D0-B544-AE4EC138023D}.Release|iPhoneSimulator.Build.0 = Release|Any CPU
		{29DCFD00-DADC-496F-A079-0E4CB16852C1}.Ad-Hoc|Any CPU.ActiveCfg = Release|Any CPU
		{29DCFD00-DADC-496F-A079-0E4CB16852C1}.Ad-Hoc|Any CPU.Build.0 = Release|Any CPU
		{29DCFD00-DADC-496F-A079-0E4CB16852C1}.Ad-Hoc|iPhone.ActiveCfg = Release|Any CPU
		{29DCFD00-DADC-496F-A079-0E4CB16852C1}.Ad-Hoc|iPhone.Build.0 = Release|Any CPU
		{29DCFD00-DADC-496F-A079-0E4CB16852C1}.Ad-Hoc|iPhoneSimulator.ActiveCfg = Release|Any CPU
		{29DCFD00-DADC-496F-A079-0E4CB16852C1}.Ad-Hoc|iPhoneSimulator.Build.0 = Release|Any CPU
		{29DCFD00-DADC-496F-A079-0E4CB16852C1}.AppStore|Any CPU.ActiveCfg = Release|Any CPU
		{29DCFD00-DADC-496F-A079-0E4CB16852C1}.AppStore|Any CPU.Build.0 = Release|Any CPU
		{29DCFD00-DADC-496F-A079-0E4CB16852C1}.AppStore|iPhone.ActiveCfg = Release|Any CPU
		{29DCFD00-DADC-496F-A079-0E4CB16852C1}.AppStore|iPhone.Build.0 = Release|Any CPU
		{29DCFD00-DADC-496F-A079-0E4CB16852C1}.AppStore|iPhoneSimulator.ActiveCfg = Release|Any CPU
		{29DCFD00-DADC-496F-A079-0E4CB16852C1}.AppStore|iPhoneSimulator.Build.0 = Release|Any CPU
		{29DCFD00-DADC-496F-A079-0E4CB16852C1}.Debug|Any CPU.ActiveCfg = Debug|Any CPU
		{29DCFD00-DADC-496F-A079-0E4CB16852C1}.Debug|Any CPU.Build.0 = Debug|Any CPU
		{29DCFD00-DADC-496F-A079-0E4CB16852C1}.Debug|iPhone.ActiveCfg = Debug|Any CPU
		{29DCFD00-DADC-496F-A079-0E4CB16852C1}.Debug|iPhone.Build.0 = Debug|Any CPU
		{29DCFD00-DADC-496F-A079-0E4CB16852C1}.Debug|iPhoneSimulator.ActiveCfg = Debug|Any CPU
		{29DCFD00-DADC-496F-A079-0E4CB16852C1}.Debug|iPhoneSimulator.Build.0 = Debug|Any CPU
		{29DCFD00-DADC-496F-A079-0E4CB16852C1}.Release|Any CPU.ActiveCfg = Release|Any CPU
		{29DCFD00-DADC-496F-A079-0E4CB16852C1}.Release|Any CPU.Build.0 = Release|Any CPU
		{29DCFD00-DADC-496F-A079-0E4CB16852C1}.Release|iPhone.ActiveCfg = Release|Any CPU
		{29DCFD00-DADC-496F-A079-0E4CB16852C1}.Release|iPhone.Build.0 = Release|Any CPU
		{29DCFD00-DADC-496F-A079-0E4CB16852C1}.Release|iPhoneSimulator.ActiveCfg = Release|Any CPU
		{29DCFD00-DADC-496F-A079-0E4CB16852C1}.Release|iPhoneSimulator.Build.0 = Release|Any CPU
		{7B99E1FA-C836-4994-A78E-2F9E9E2E5544}.Ad-Hoc|Any CPU.ActiveCfg = Release|Any CPU
		{7B99E1FA-C836-4994-A78E-2F9E9E2E5544}.Ad-Hoc|Any CPU.Build.0 = Release|Any CPU
		{7B99E1FA-C836-4994-A78E-2F9E9E2E5544}.Ad-Hoc|iPhone.ActiveCfg = Release|Any CPU
		{7B99E1FA-C836-4994-A78E-2F9E9E2E5544}.Ad-Hoc|iPhone.Build.0 = Release|Any CPU
		{7B99E1FA-C836-4994-A78E-2F9E9E2E5544}.Ad-Hoc|iPhoneSimulator.ActiveCfg = Release|Any CPU
		{7B99E1FA-C836-4994-A78E-2F9E9E2E5544}.Ad-Hoc|iPhoneSimulator.Build.0 = Release|Any CPU
		{7B99E1FA-C836-4994-A78E-2F9E9E2E5544}.AppStore|Any CPU.ActiveCfg = Release|Any CPU
		{7B99E1FA-C836-4994-A78E-2F9E9E2E5544}.AppStore|Any CPU.Build.0 = Release|Any CPU
		{7B99E1FA-C836-4994-A78E-2F9E9E2E5544}.AppStore|iPhone.ActiveCfg = Release|Any CPU
		{7B99E1FA-C836-4994-A78E-2F9E9E2E5544}.AppStore|iPhone.Build.0 = Release|Any CPU
		{7B99E1FA-C836-4994-A78E-2F9E9E2E5544}.AppStore|iPhoneSimulator.ActiveCfg = Release|Any CPU
		{7B99E1FA-C836-4994-A78E-2F9E9E2E5544}.AppStore|iPhoneSimulator.Build.0 = Release|Any CPU
		{7B99E1FA-C836-4994-A78E-2F9E9E2E5544}.Debug|Any CPU.ActiveCfg = Debug|Any CPU
		{7B99E1FA-C836-4994-A78E-2F9E9E2E5544}.Debug|Any CPU.Build.0 = Debug|Any CPU
		{7B99E1FA-C836-4994-A78E-2F9E9E2E5544}.Debug|iPhone.ActiveCfg = Debug|Any CPU
		{7B99E1FA-C836-4994-A78E-2F9E9E2E5544}.Debug|iPhone.Build.0 = Debug|Any CPU
		{7B99E1FA-C836-4994-A78E-2F9E9E2E5544}.Debug|iPhoneSimulator.ActiveCfg = Debug|Any CPU
		{7B99E1FA-C836-4994-A78E-2F9E9E2E5544}.Debug|iPhoneSimulator.Build.0 = Debug|Any CPU
		{7B99E1FA-C836-4994-A78E-2F9E9E2E5544}.Release|Any CPU.ActiveCfg = Release|Any CPU
		{7B99E1FA-C836-4994-A78E-2F9E9E2E5544}.Release|Any CPU.Build.0 = Release|Any CPU
		{7B99E1FA-C836-4994-A78E-2F9E9E2E5544}.Release|iPhone.ActiveCfg = Release|Any CPU
		{7B99E1FA-C836-4994-A78E-2F9E9E2E5544}.Release|iPhone.Build.0 = Release|Any CPU
		{7B99E1FA-C836-4994-A78E-2F9E9E2E5544}.Release|iPhoneSimulator.ActiveCfg = Release|Any CPU
		{7B99E1FA-C836-4994-A78E-2F9E9E2E5544}.Release|iPhoneSimulator.Build.0 = Release|Any CPU
		{EE1DF28A-534F-4643-BAAE-4690ABD8D64F}.Ad-Hoc|Any CPU.ActiveCfg = Release|Any CPU
		{EE1DF28A-534F-4643-BAAE-4690ABD8D64F}.Ad-Hoc|Any CPU.Build.0 = Release|Any CPU
		{EE1DF28A-534F-4643-BAAE-4690ABD8D64F}.Ad-Hoc|iPhone.ActiveCfg = Release|Any CPU
		{EE1DF28A-534F-4643-BAAE-4690ABD8D64F}.Ad-Hoc|iPhone.Build.0 = Release|Any CPU
		{EE1DF28A-534F-4643-BAAE-4690ABD8D64F}.Ad-Hoc|iPhoneSimulator.ActiveCfg = Release|Any CPU
		{EE1DF28A-534F-4643-BAAE-4690ABD8D64F}.Ad-Hoc|iPhoneSimulator.Build.0 = Release|Any CPU
		{EE1DF28A-534F-4643-BAAE-4690ABD8D64F}.AppStore|Any CPU.ActiveCfg = Release|Any CPU
		{EE1DF28A-534F-4643-BAAE-4690ABD8D64F}.AppStore|Any CPU.Build.0 = Release|Any CPU
		{EE1DF28A-534F-4643-BAAE-4690ABD8D64F}.AppStore|iPhone.ActiveCfg = Release|Any CPU
		{EE1DF28A-534F-4643-BAAE-4690ABD8D64F}.AppStore|iPhone.Build.0 = Release|Any CPU
		{EE1DF28A-534F-4643-BAAE-4690ABD8D64F}.AppStore|iPhoneSimulator.ActiveCfg = Release|Any CPU
		{EE1DF28A-534F-4643-BAAE-4690ABD8D64F}.AppStore|iPhoneSimulator.Build.0 = Release|Any CPU
		{EE1DF28A-534F-4643-BAAE-4690ABD8D64F}.Debug|Any CPU.ActiveCfg = Debug|Any CPU
		{EE1DF28A-534F-4643-BAAE-4690ABD8D64F}.Debug|Any CPU.Build.0 = Debug|Any CPU
		{EE1DF28A-534F-4643-BAAE-4690ABD8D64F}.Debug|iPhone.ActiveCfg = Debug|Any CPU
		{EE1DF28A-534F-4643-BAAE-4690ABD8D64F}.Debug|iPhone.Build.0 = Debug|Any CPU
		{EE1DF28A-534F-4643-BAAE-4690ABD8D64F}.Debug|iPhoneSimulator.ActiveCfg = Debug|Any CPU
		{EE1DF28A-534F-4643-BAAE-4690ABD8D64F}.Debug|iPhoneSimulator.Build.0 = Debug|Any CPU
		{EE1DF28A-534F-4643-BAAE-4690ABD8D64F}.Release|Any CPU.ActiveCfg = Release|Any CPU
		{EE1DF28A-534F-4643-BAAE-4690ABD8D64F}.Release|Any CPU.Build.0 = Release|Any CPU
		{EE1DF28A-534F-4643-BAAE-4690ABD8D64F}.Release|iPhone.ActiveCfg = Release|Any CPU
		{EE1DF28A-534F-4643-BAAE-4690ABD8D64F}.Release|iPhone.Build.0 = Release|Any CPU
		{EE1DF28A-534F-4643-BAAE-4690ABD8D64F}.Release|iPhoneSimulator.ActiveCfg = Release|Any CPU
		{EE1DF28A-534F-4643-BAAE-4690ABD8D64F}.Release|iPhoneSimulator.Build.0 = Release|Any CPU
		{3BEF4618-0F28-46E9-8C6D-1CD51F82089A}.Ad-Hoc|Any CPU.ActiveCfg = Release|Any CPU
		{3BEF4618-0F28-46E9-8C6D-1CD51F82089A}.Ad-Hoc|Any CPU.Build.0 = Release|Any CPU
		{3BEF4618-0F28-46E9-8C6D-1CD51F82089A}.Ad-Hoc|iPhone.ActiveCfg = Release|Any CPU
		{3BEF4618-0F28-46E9-8C6D-1CD51F82089A}.Ad-Hoc|iPhone.Build.0 = Release|Any CPU
		{3BEF4618-0F28-46E9-8C6D-1CD51F82089A}.Ad-Hoc|iPhoneSimulator.ActiveCfg = Release|Any CPU
		{3BEF4618-0F28-46E9-8C6D-1CD51F82089A}.Ad-Hoc|iPhoneSimulator.Build.0 = Release|Any CPU
		{3BEF4618-0F28-46E9-8C6D-1CD51F82089A}.AppStore|Any CPU.ActiveCfg = Release|Any CPU
		{3BEF4618-0F28-46E9-8C6D-1CD51F82089A}.AppStore|Any CPU.Build.0 = Release|Any CPU
		{3BEF4618-0F28-46E9-8C6D-1CD51F82089A}.AppStore|iPhone.ActiveCfg = Release|Any CPU
		{3BEF4618-0F28-46E9-8C6D-1CD51F82089A}.AppStore|iPhone.Build.0 = Release|Any CPU
		{3BEF4618-0F28-46E9-8C6D-1CD51F82089A}.AppStore|iPhoneSimulator.ActiveCfg = Release|Any CPU
		{3BEF4618-0F28-46E9-8C6D-1CD51F82089A}.AppStore|iPhoneSimulator.Build.0 = Release|Any CPU
		{3BEF4618-0F28-46E9-8C6D-1CD51F82089A}.Debug|Any CPU.ActiveCfg = Debug|Any CPU
		{3BEF4618-0F28-46E9-8C6D-1CD51F82089A}.Debug|Any CPU.Build.0 = Debug|Any CPU
		{3BEF4618-0F28-46E9-8C6D-1CD51F82089A}.Debug|iPhone.ActiveCfg = Debug|Any CPU
		{3BEF4618-0F28-46E9-8C6D-1CD51F82089A}.Debug|iPhone.Build.0 = Debug|Any CPU
		{3BEF4618-0F28-46E9-8C6D-1CD51F82089A}.Debug|iPhoneSimulator.ActiveCfg = Debug|Any CPU
		{3BEF4618-0F28-46E9-8C6D-1CD51F82089A}.Debug|iPhoneSimulator.Build.0 = Debug|Any CPU
		{3BEF4618-0F28-46E9-8C6D-1CD51F82089A}.Release|Any CPU.ActiveCfg = Release|Any CPU
		{3BEF4618-0F28-46E9-8C6D-1CD51F82089A}.Release|Any CPU.Build.0 = Release|Any CPU
		{3BEF4618-0F28-46E9-8C6D-1CD51F82089A}.Release|iPhone.ActiveCfg = Release|Any CPU
		{3BEF4618-0F28-46E9-8C6D-1CD51F82089A}.Release|iPhone.Build.0 = Release|Any CPU
		{3BEF4618-0F28-46E9-8C6D-1CD51F82089A}.Release|iPhoneSimulator.ActiveCfg = Release|Any CPU
		{3BEF4618-0F28-46E9-8C6D-1CD51F82089A}.Release|iPhoneSimulator.Build.0 = Release|Any CPU
		{5562E762-696A-4348-A353-502D8077AFD0}.Ad-Hoc|Any CPU.ActiveCfg = Release|Any CPU
		{5562E762-696A-4348-A353-502D8077AFD0}.Ad-Hoc|Any CPU.Build.0 = Release|Any CPU
		{5562E762-696A-4348-A353-502D8077AFD0}.Ad-Hoc|iPhone.ActiveCfg = Release|Any CPU
		{5562E762-696A-4348-A353-502D8077AFD0}.Ad-Hoc|iPhone.Build.0 = Release|Any CPU
		{5562E762-696A-4348-A353-502D8077AFD0}.Ad-Hoc|iPhoneSimulator.ActiveCfg = Release|Any CPU
		{5562E762-696A-4348-A353-502D8077AFD0}.Ad-Hoc|iPhoneSimulator.Build.0 = Release|Any CPU
		{5562E762-696A-4348-A353-502D8077AFD0}.AppStore|Any CPU.ActiveCfg = Release|Any CPU
		{5562E762-696A-4348-A353-502D8077AFD0}.AppStore|Any CPU.Build.0 = Release|Any CPU
		{5562E762-696A-4348-A353-502D8077AFD0}.AppStore|iPhone.ActiveCfg = Release|Any CPU
		{5562E762-696A-4348-A353-502D8077AFD0}.AppStore|iPhone.Build.0 = Release|Any CPU
		{5562E762-696A-4348-A353-502D8077AFD0}.AppStore|iPhoneSimulator.ActiveCfg = Release|Any CPU
		{5562E762-696A-4348-A353-502D8077AFD0}.AppStore|iPhoneSimulator.Build.0 = Release|Any CPU
		{5562E762-696A-4348-A353-502D8077AFD0}.Debug|Any CPU.ActiveCfg = Debug|Any CPU
		{5562E762-696A-4348-A353-502D8077AFD0}.Debug|Any CPU.Build.0 = Debug|Any CPU
		{5562E762-696A-4348-A353-502D8077AFD0}.Debug|iPhone.ActiveCfg = Debug|Any CPU
		{5562E762-696A-4348-A353-502D8077AFD0}.Debug|iPhone.Build.0 = Debug|Any CPU
		{5562E762-696A-4348-A353-502D8077AFD0}.Debug|iPhoneSimulator.ActiveCfg = Debug|Any CPU
		{5562E762-696A-4348-A353-502D8077AFD0}.Debug|iPhoneSimulator.Build.0 = Debug|Any CPU
		{5562E762-696A-4348-A353-502D8077AFD0}.Release|Any CPU.ActiveCfg = Release|Any CPU
		{5562E762-696A-4348-A353-502D8077AFD0}.Release|Any CPU.Build.0 = Release|Any CPU
		{5562E762-696A-4348-A353-502D8077AFD0}.Release|iPhone.ActiveCfg = Release|Any CPU
		{5562E762-696A-4348-A353-502D8077AFD0}.Release|iPhone.Build.0 = Release|Any CPU
		{5562E762-696A-4348-A353-502D8077AFD0}.Release|iPhoneSimulator.ActiveCfg = Release|Any CPU
		{5562E762-696A-4348-A353-502D8077AFD0}.Release|iPhoneSimulator.Build.0 = Release|Any CPU
		{3F463F8A-1C1A-46D3-B281-BB4689E1307B}.Ad-Hoc|Any CPU.ActiveCfg = Release|Any CPU
		{3F463F8A-1C1A-46D3-B281-BB4689E1307B}.Ad-Hoc|Any CPU.Build.0 = Release|Any CPU
		{3F463F8A-1C1A-46D3-B281-BB4689E1307B}.Ad-Hoc|iPhone.ActiveCfg = Release|Any CPU
		{3F463F8A-1C1A-46D3-B281-BB4689E1307B}.Ad-Hoc|iPhone.Build.0 = Release|Any CPU
		{3F463F8A-1C1A-46D3-B281-BB4689E1307B}.Ad-Hoc|iPhoneSimulator.ActiveCfg = Release|Any CPU
		{3F463F8A-1C1A-46D3-B281-BB4689E1307B}.Ad-Hoc|iPhoneSimulator.Build.0 = Release|Any CPU
		{3F463F8A-1C1A-46D3-B281-BB4689E1307B}.AppStore|Any CPU.ActiveCfg = Release|Any CPU
		{3F463F8A-1C1A-46D3-B281-BB4689E1307B}.AppStore|Any CPU.Build.0 = Release|Any CPU
		{3F463F8A-1C1A-46D3-B281-BB4689E1307B}.AppStore|iPhone.ActiveCfg = Release|Any CPU
		{3F463F8A-1C1A-46D3-B281-BB4689E1307B}.AppStore|iPhone.Build.0 = Release|Any CPU
		{3F463F8A-1C1A-46D3-B281-BB4689E1307B}.AppStore|iPhoneSimulator.ActiveCfg = Release|Any CPU
		{3F463F8A-1C1A-46D3-B281-BB4689E1307B}.AppStore|iPhoneSimulator.Build.0 = Release|Any CPU
		{3F463F8A-1C1A-46D3-B281-BB4689E1307B}.Debug|Any CPU.ActiveCfg = Debug|Any CPU
		{3F463F8A-1C1A-46D3-B281-BB4689E1307B}.Debug|Any CPU.Build.0 = Debug|Any CPU
		{3F463F8A-1C1A-46D3-B281-BB4689E1307B}.Debug|iPhone.ActiveCfg = Debug|Any CPU
		{3F463F8A-1C1A-46D3-B281-BB4689E1307B}.Debug|iPhone.Build.0 = Debug|Any CPU
		{3F463F8A-1C1A-46D3-B281-BB4689E1307B}.Debug|iPhoneSimulator.ActiveCfg = Debug|Any CPU
		{3F463F8A-1C1A-46D3-B281-BB4689E1307B}.Debug|iPhoneSimulator.Build.0 = Debug|Any CPU
		{3F463F8A-1C1A-46D3-B281-BB4689E1307B}.Release|Any CPU.ActiveCfg = Release|Any CPU
		{3F463F8A-1C1A-46D3-B281-BB4689E1307B}.Release|Any CPU.Build.0 = Release|Any CPU
		{3F463F8A-1C1A-46D3-B281-BB4689E1307B}.Release|iPhone.ActiveCfg = Release|Any CPU
		{3F463F8A-1C1A-46D3-B281-BB4689E1307B}.Release|iPhone.Build.0 = Release|Any CPU
		{3F463F8A-1C1A-46D3-B281-BB4689E1307B}.Release|iPhoneSimulator.ActiveCfg = Release|Any CPU
		{3F463F8A-1C1A-46D3-B281-BB4689E1307B}.Release|iPhoneSimulator.Build.0 = Release|Any CPU
		{D89EDABE-DC6C-4A8D-8A9D-10FB94E74044}.Ad-Hoc|Any CPU.ActiveCfg = Release|Any CPU
		{D89EDABE-DC6C-4A8D-8A9D-10FB94E74044}.Ad-Hoc|Any CPU.Build.0 = Release|Any CPU
		{D89EDABE-DC6C-4A8D-8A9D-10FB94E74044}.Ad-Hoc|iPhone.ActiveCfg = Release|Any CPU
		{D89EDABE-DC6C-4A8D-8A9D-10FB94E74044}.Ad-Hoc|iPhone.Build.0 = Release|Any CPU
		{D89EDABE-DC6C-4A8D-8A9D-10FB94E74044}.Ad-Hoc|iPhoneSimulator.ActiveCfg = Release|Any CPU
		{D89EDABE-DC6C-4A8D-8A9D-10FB94E74044}.Ad-Hoc|iPhoneSimulator.Build.0 = Release|Any CPU
		{D89EDABE-DC6C-4A8D-8A9D-10FB94E74044}.AppStore|Any CPU.ActiveCfg = Release|Any CPU
		{D89EDABE-DC6C-4A8D-8A9D-10FB94E74044}.AppStore|Any CPU.Build.0 = Release|Any CPU
		{D89EDABE-DC6C-4A8D-8A9D-10FB94E74044}.AppStore|iPhone.ActiveCfg = Release|Any CPU
		{D89EDABE-DC6C-4A8D-8A9D-10FB94E74044}.AppStore|iPhone.Build.0 = Release|Any CPU
		{D89EDABE-DC6C-4A8D-8A9D-10FB94E74044}.AppStore|iPhoneSimulator.ActiveCfg = Release|Any CPU
		{D89EDABE-DC6C-4A8D-8A9D-10FB94E74044}.AppStore|iPhoneSimulator.Build.0 = Release|Any CPU
		{D89EDABE-DC6C-4A8D-8A9D-10FB94E74044}.Debug|Any CPU.ActiveCfg = Debug|Any CPU
		{D89EDABE-DC6C-4A8D-8A9D-10FB94E74044}.Debug|Any CPU.Build.0 = Debug|Any CPU
		{D89EDABE-DC6C-4A8D-8A9D-10FB94E74044}.Debug|iPhone.ActiveCfg = Debug|Any CPU
		{D89EDABE-DC6C-4A8D-8A9D-10FB94E74044}.Debug|iPhone.Build.0 = Debug|Any CPU
		{D89EDABE-DC6C-4A8D-8A9D-10FB94E74044}.Debug|iPhoneSimulator.ActiveCfg = Debug|Any CPU
		{D89EDABE-DC6C-4A8D-8A9D-10FB94E74044}.Debug|iPhoneSimulator.Build.0 = Debug|Any CPU
		{D89EDABE-DC6C-4A8D-8A9D-10FB94E74044}.Release|Any CPU.ActiveCfg = Release|Any CPU
		{D89EDABE-DC6C-4A8D-8A9D-10FB94E74044}.Release|Any CPU.Build.0 = Release|Any CPU
		{D89EDABE-DC6C-4A8D-8A9D-10FB94E74044}.Release|iPhone.ActiveCfg = Release|Any CPU
		{D89EDABE-DC6C-4A8D-8A9D-10FB94E74044}.Release|iPhone.Build.0 = Release|Any CPU
		{D89EDABE-DC6C-4A8D-8A9D-10FB94E74044}.Release|iPhoneSimulator.ActiveCfg = Release|Any CPU
		{D89EDABE-DC6C-4A8D-8A9D-10FB94E74044}.Release|iPhoneSimulator.Build.0 = Release|Any CPU
		{ADF7ADD4-42B6-4E57-BFEF-B443FAC4318E}.Ad-Hoc|Any CPU.ActiveCfg = Release|Any CPU
		{ADF7ADD4-42B6-4E57-BFEF-B443FAC4318E}.Ad-Hoc|Any CPU.Build.0 = Release|Any CPU
		{ADF7ADD4-42B6-4E57-BFEF-B443FAC4318E}.Ad-Hoc|Any CPU.Deploy.0 = Release|Any CPU
		{ADF7ADD4-42B6-4E57-BFEF-B443FAC4318E}.Ad-Hoc|iPhone.ActiveCfg = Release|Any CPU
		{ADF7ADD4-42B6-4E57-BFEF-B443FAC4318E}.Ad-Hoc|iPhone.Build.0 = Release|Any CPU
		{ADF7ADD4-42B6-4E57-BFEF-B443FAC4318E}.Ad-Hoc|iPhone.Deploy.0 = Release|Any CPU
		{ADF7ADD4-42B6-4E57-BFEF-B443FAC4318E}.Ad-Hoc|iPhoneSimulator.ActiveCfg = Release|Any CPU
		{ADF7ADD4-42B6-4E57-BFEF-B443FAC4318E}.Ad-Hoc|iPhoneSimulator.Build.0 = Release|Any CPU
		{ADF7ADD4-42B6-4E57-BFEF-B443FAC4318E}.Ad-Hoc|iPhoneSimulator.Deploy.0 = Release|Any CPU
		{ADF7ADD4-42B6-4E57-BFEF-B443FAC4318E}.AppStore|Any CPU.ActiveCfg = Release|Any CPU
		{ADF7ADD4-42B6-4E57-BFEF-B443FAC4318E}.AppStore|Any CPU.Build.0 = Release|Any CPU
		{ADF7ADD4-42B6-4E57-BFEF-B443FAC4318E}.AppStore|Any CPU.Deploy.0 = Release|Any CPU
		{ADF7ADD4-42B6-4E57-BFEF-B443FAC4318E}.AppStore|iPhone.ActiveCfg = Release|Any CPU
		{ADF7ADD4-42B6-4E57-BFEF-B443FAC4318E}.AppStore|iPhone.Build.0 = Release|Any CPU
		{ADF7ADD4-42B6-4E57-BFEF-B443FAC4318E}.AppStore|iPhone.Deploy.0 = Release|Any CPU
		{ADF7ADD4-42B6-4E57-BFEF-B443FAC4318E}.AppStore|iPhoneSimulator.ActiveCfg = Release|Any CPU
		{ADF7ADD4-42B6-4E57-BFEF-B443FAC4318E}.AppStore|iPhoneSimulator.Build.0 = Release|Any CPU
		{ADF7ADD4-42B6-4E57-BFEF-B443FAC4318E}.AppStore|iPhoneSimulator.Deploy.0 = Release|Any CPU
		{ADF7ADD4-42B6-4E57-BFEF-B443FAC4318E}.Debug|Any CPU.ActiveCfg = Debug|Any CPU
		{ADF7ADD4-42B6-4E57-BFEF-B443FAC4318E}.Debug|Any CPU.Build.0 = Debug|Any CPU
		{ADF7ADD4-42B6-4E57-BFEF-B443FAC4318E}.Debug|Any CPU.Deploy.0 = Debug|Any CPU
		{ADF7ADD4-42B6-4E57-BFEF-B443FAC4318E}.Debug|iPhone.ActiveCfg = Debug|Any CPU
		{ADF7ADD4-42B6-4E57-BFEF-B443FAC4318E}.Debug|iPhone.Build.0 = Debug|Any CPU
		{ADF7ADD4-42B6-4E57-BFEF-B443FAC4318E}.Debug|iPhone.Deploy.0 = Debug|Any CPU
		{ADF7ADD4-42B6-4E57-BFEF-B443FAC4318E}.Debug|iPhoneSimulator.ActiveCfg = Debug|Any CPU
		{ADF7ADD4-42B6-4E57-BFEF-B443FAC4318E}.Debug|iPhoneSimulator.Build.0 = Debug|Any CPU
		{ADF7ADD4-42B6-4E57-BFEF-B443FAC4318E}.Debug|iPhoneSimulator.Deploy.0 = Debug|Any CPU
		{ADF7ADD4-42B6-4E57-BFEF-B443FAC4318E}.Release|Any CPU.ActiveCfg = Release|Any CPU
		{ADF7ADD4-42B6-4E57-BFEF-B443FAC4318E}.Release|Any CPU.Build.0 = Release|Any CPU
		{ADF7ADD4-42B6-4E57-BFEF-B443FAC4318E}.Release|Any CPU.Deploy.0 = Release|Any CPU
		{ADF7ADD4-42B6-4E57-BFEF-B443FAC4318E}.Release|iPhone.ActiveCfg = Release|Any CPU
		{ADF7ADD4-42B6-4E57-BFEF-B443FAC4318E}.Release|iPhone.Build.0 = Release|Any CPU
		{ADF7ADD4-42B6-4E57-BFEF-B443FAC4318E}.Release|iPhone.Deploy.0 = Release|Any CPU
		{ADF7ADD4-42B6-4E57-BFEF-B443FAC4318E}.Release|iPhoneSimulator.ActiveCfg = Release|Any CPU
		{ADF7ADD4-42B6-4E57-BFEF-B443FAC4318E}.Release|iPhoneSimulator.Build.0 = Release|Any CPU
		{ADF7ADD4-42B6-4E57-BFEF-B443FAC4318E}.Release|iPhoneSimulator.Deploy.0 = Release|Any CPU
		{262E0562-A557-4A4D-B6B1-AD50BFD3001C}.Ad-Hoc|Any CPU.ActiveCfg = Ad-Hoc|iPhone
		{262E0562-A557-4A4D-B6B1-AD50BFD3001C}.Ad-Hoc|iPhone.ActiveCfg = Ad-Hoc|iPhone
		{262E0562-A557-4A4D-B6B1-AD50BFD3001C}.Ad-Hoc|iPhone.Build.0 = Ad-Hoc|iPhone
		{262E0562-A557-4A4D-B6B1-AD50BFD3001C}.Ad-Hoc|iPhoneSimulator.ActiveCfg = Ad-Hoc|iPhoneSimulator
		{262E0562-A557-4A4D-B6B1-AD50BFD3001C}.Ad-Hoc|iPhoneSimulator.Build.0 = Ad-Hoc|iPhoneSimulator
		{262E0562-A557-4A4D-B6B1-AD50BFD3001C}.AppStore|Any CPU.ActiveCfg = AppStore|iPhone
		{262E0562-A557-4A4D-B6B1-AD50BFD3001C}.AppStore|iPhone.ActiveCfg = AppStore|iPhone
		{262E0562-A557-4A4D-B6B1-AD50BFD3001C}.AppStore|iPhone.Build.0 = AppStore|iPhone
		{262E0562-A557-4A4D-B6B1-AD50BFD3001C}.AppStore|iPhoneSimulator.ActiveCfg = AppStore|iPhoneSimulator
		{262E0562-A557-4A4D-B6B1-AD50BFD3001C}.AppStore|iPhoneSimulator.Build.0 = AppStore|iPhoneSimulator
		{262E0562-A557-4A4D-B6B1-AD50BFD3001C}.Debug|Any CPU.ActiveCfg = Debug|iPhone
		{262E0562-A557-4A4D-B6B1-AD50BFD3001C}.Debug|iPhone.ActiveCfg = Debug|iPhone
		{262E0562-A557-4A4D-B6B1-AD50BFD3001C}.Debug|iPhone.Build.0 = Debug|iPhone
		{262E0562-A557-4A4D-B6B1-AD50BFD3001C}.Debug|iPhoneSimulator.ActiveCfg = Debug|iPhoneSimulator
		{262E0562-A557-4A4D-B6B1-AD50BFD3001C}.Debug|iPhoneSimulator.Build.0 = Debug|iPhoneSimulator
		{262E0562-A557-4A4D-B6B1-AD50BFD3001C}.Release|Any CPU.ActiveCfg = Release|iPhone
		{262E0562-A557-4A4D-B6B1-AD50BFD3001C}.Release|iPhone.ActiveCfg = Release|iPhone
		{262E0562-A557-4A4D-B6B1-AD50BFD3001C}.Release|iPhone.Build.0 = Release|iPhone
		{262E0562-A557-4A4D-B6B1-AD50BFD3001C}.Release|iPhoneSimulator.ActiveCfg = Release|iPhoneSimulator
		{262E0562-A557-4A4D-B6B1-AD50BFD3001C}.Release|iPhoneSimulator.Build.0 = Release|iPhoneSimulator
	EndGlobalSection
	GlobalSection(SolutionProperties) = preSolution
		HideSolutionNode = FALSE
	EndGlobalSection
	GlobalSection(NestedProjects) = preSolution
		{0017FD98-2220-44D0-B544-AE4EC138023D} = {010D220C-862D-4928-889B-D7D62945CECA}
		{29DCFD00-DADC-496F-A079-0E4CB16852C1} = {D30D9FF2-7B60-4E24-8D08-9A971A8063FD}
		{7B99E1FA-C836-4994-A78E-2F9E9E2E5544} = {010D220C-862D-4928-889B-D7D62945CECA}
		{EE1DF28A-534F-4643-BAAE-4690ABD8D64F} = {D30D9FF2-7B60-4E24-8D08-9A971A8063FD}
		{3BEF4618-0F28-46E9-8C6D-1CD51F82089A} = {010D220C-862D-4928-889B-D7D62945CECA}
		{5562E762-696A-4348-A353-502D8077AFD0} = {D30D9FF2-7B60-4E24-8D08-9A971A8063FD}
		{3F463F8A-1C1A-46D3-B281-BB4689E1307B} = {010D220C-862D-4928-889B-D7D62945CECA}
		{D89EDABE-DC6C-4A8D-8A9D-10FB94E74044} = {D30D9FF2-7B60-4E24-8D08-9A971A8063FD}
		{ADF7ADD4-42B6-4E57-BFEF-B443FAC4318E} = {010D220C-862D-4928-889B-D7D62945CECA}
		{262E0562-A557-4A4D-B6B1-AD50BFD3001C} = {010D220C-862D-4928-889B-D7D62945CECA}
		{3CF1BE86-9097-41EB-915F-E64180B7E8A5} = {010D220C-862D-4928-889B-D7D62945CECA}
	EndGlobalSection
	GlobalSection(ExtensibilityGlobals) = postSolution
		SolutionGuid = {81AB9BD7-96C7-4FBF-908C-587DFD1BA728}
	EndGlobalSection
EndGlobal
