
Microsoft Visual Studio Solution File, Format Version 12.00
# Visual Studio 15
VisualStudioVersion = 15.0.27428.2043
MinimumVisualStudioVersion = 10.0.40219.1
Project("{FAE04EC0-301F-11D3-BF4B-00C04F79EFBC}") = "ShaunApi", "ShaunApi\ShaunApi.csproj", "{0017FD98-2220-44D0-B544-AE4EC138023D}"
EndProject
Project("{FAE04EC0-301F-11D3-BF4B-00C04F79EFBC}") = "HaroldApi", "HaroldApi\HaroldApi.csproj", "{29DCFD00-DADC-496F-A079-0E4CB16852C1}"
EndProject
Project("{FAE04EC0-301F-11D3-BF4B-00C04F79EFBC}") = "ShaunDTO", "ShaunDTO\ShaunDTO.csproj", "{7B99E1FA-C836-4994-A78E-2F9E9E2E5544}"
EndProject
Project("{FAE04EC0-301F-11D3-BF4B-00C04F79EFBC}") = "HaroldDTO", "HaroldDTO\HaroldDTO.csproj", "{EE1DF28A-534F-4643-BAAE-4690ABD8D64F}"
EndProject
Project("{FAE04EC0-301F-11D3-BF4B-00C04F79EFBC}") = "ShaunFrontEnd", "ShaunFrontEnd\ShaunFrontEnd.csproj", "{3BEF4618-0F28-46E9-8C6D-1CD51F82089A}"
EndProject
Project("{FAE04EC0-301F-11D3-BF4B-00C04F79EFBC}") = "HaroldFrontEnd", "HaroldFrontEnd\HaroldFrontEnd.csproj", "{5562E762-696A-4348-A353-502D8077AFD0}"
EndProject
Project("{FAE04EC0-301F-11D3-BF4B-00C04F79EFBC}") = "ShaunSPA", "ShaunSPA\ShaunSPA.csproj", "{3F463F8A-1C1A-46D3-B281-BB4689E1307B}"
EndProject
Project("{FAE04EC0-301F-11D3-BF4B-00C04F79EFBC}") = "HaroldSPA", "HaroldSPA\HaroldSPA.csproj", "{D89EDABE-DC6C-4A8D-8A9D-10FB94E74044}"
EndProject
Project("{2150E333-8FDC-42A3-9474-1A3956D46DE8}") = "Harold", "Harold", "{D30D9FF2-7B60-4E24-8D08-9A971A8063FD}"
EndProject
Project("{2150E333-8FDC-42A3-9474-1A3956D46DE8}") = "Shaun", "Shaun", "{010D220C-862D-4928-889B-D7D62945CECA}"
EndProject
Global
	GlobalSection(SolutionConfigurationPlatforms) = preSolution
		Debug|Any CPU = Debug|Any CPU
		Release|Any CPU = Release|Any CPU
	EndGlobalSection
	GlobalSection(ProjectConfigurationPlatforms) = postSolution
		{0017FD98-2220-44D0-B544-AE4EC138023D}.Debug|Any CPU.ActiveCfg = Debug|Any CPU
		{0017FD98-2220-44D0-B544-AE4EC138023D}.Debug|Any CPU.Build.0 = Debug|Any CPU
		{0017FD98-2220-44D0-B544-AE4EC138023D}.Release|Any CPU.ActiveCfg = Release|Any CPU
		{0017FD98-2220-44D0-B544-AE4EC138023D}.Release|Any CPU.Build.0 = Release|Any CPU
		{29DCFD00-DADC-496F-A079-0E4CB16852C1}.Debug|Any CPU.ActiveCfg = Debug|Any CPU
		{29DCFD00-DADC-496F-A079-0E4CB16852C1}.Debug|Any CPU.Build.0 = Debug|Any CPU
		{29DCFD00-DADC-496F-A079-0E4CB16852C1}.Release|Any CPU.ActiveCfg = Release|Any CPU
		{29DCFD00-DADC-496F-A079-0E4CB16852C1}.Release|Any CPU.Build.0 = Release|Any CPU
		{7B99E1FA-C836-4994-A78E-2F9E9E2E5544}.Debug|Any CPU.ActiveCfg = Debug|Any CPU
		{7B99E1FA-C836-4994-A78E-2F9E9E2E5544}.Debug|Any CPU.Build.0 = Debug|Any CPU
		{7B99E1FA-C836-4994-A78E-2F9E9E2E5544}.Release|Any CPU.ActiveCfg = Release|Any CPU
		{7B99E1FA-C836-4994-A78E-2F9E9E2E5544}.Release|Any CPU.Build.0 = Release|Any CPU
		{EE1DF28A-534F-4643-BAAE-4690ABD8D64F}.Debug|Any CPU.ActiveCfg = Debug|Any CPU
		{EE1DF28A-534F-4643-BAAE-4690ABD8D64F}.Debug|Any CPU.Build.0 = Debug|Any CPU
		{EE1DF28A-534F-4643-BAAE-4690ABD8D64F}.Release|Any CPU.ActiveCfg = Release|Any CPU
		{EE1DF28A-534F-4643-BAAE-4690ABD8D64F}.Release|Any CPU.Build.0 = Release|Any CPU
		{3BEF4618-0F28-46E9-8C6D-1CD51F82089A}.Debug|Any CPU.ActiveCfg = Debug|Any CPU
		{3BEF4618-0F28-46E9-8C6D-1CD51F82089A}.Debug|Any CPU.Build.0 = Debug|Any CPU
		{3BEF4618-0F28-46E9-8C6D-1CD51F82089A}.Release|Any CPU.ActiveCfg = Release|Any CPU
		{3BEF4618-0F28-46E9-8C6D-1CD51F82089A}.Release|Any CPU.Build.0 = Release|Any CPU
		{5562E762-696A-4348-A353-502D8077AFD0}.Debug|Any CPU.ActiveCfg = Debug|Any CPU
		{5562E762-696A-4348-A353-502D8077AFD0}.Debug|Any CPU.Build.0 = Debug|Any CPU
		{5562E762-696A-4348-A353-502D8077AFD0}.Release|Any CPU.ActiveCfg = Release|Any CPU
		{5562E762-696A-4348-A353-502D8077AFD0}.Release|Any CPU.Build.0 = Release|Any CPU
		{3F463F8A-1C1A-46D3-B281-BB4689E1307B}.Debug|Any CPU.ActiveCfg = Debug|Any CPU
		{3F463F8A-1C1A-46D3-B281-BB4689E1307B}.Debug|Any CPU.Build.0 = Debug|Any CPU
		{3F463F8A-1C1A-46D3-B281-BB4689E1307B}.Release|Any CPU.ActiveCfg = Release|Any CPU
		{3F463F8A-1C1A-46D3-B281-BB4689E1307B}.Release|Any CPU.Build.0 = Release|Any CPU
		{D89EDABE-DC6C-4A8D-8A9D-10FB94E74044}.Debug|Any CPU.ActiveCfg = Debug|Any CPU
		{D89EDABE-DC6C-4A8D-8A9D-10FB94E74044}.Debug|Any CPU.Build.0 = Debug|Any CPU
		{D89EDABE-DC6C-4A8D-8A9D-10FB94E74044}.Release|Any CPU.ActiveCfg = Release|Any CPU
		{D89EDABE-DC6C-4A8D-8A9D-10FB94E74044}.Release|Any CPU.Build.0 = Release|Any CPU
	EndGlobalSection
	GlobalSection(SolutionProperties) = preSolution
		HideSolutionNode = FALSE
	EndGlobalSection
	GlobalSection(NestedProjects) = preSolution
		{0017FD98-2220-44D0-B544-AE4EC138023D} = {010D220C-862D-4928-889B-D7D62945CECA}
		{29DCFD00-DADC-496F-A079-0E4CB16852C1} = {D30D9FF2-7B60-4E24-8D08-9A971A8063FD}
		{7B99E1FA-C836-4994-A78E-2F9E9E2E5544} = {010D220C-862D-4928-889B-D7D62945CECA}
		{EE1DF28A-534F-4643-BAAE-4690ABD8D64F} = {D30D9FF2-7B60-4E24-8D08-9A971A8063FD}
		{3BEF4618-0F28-46E9-8C6D-1CD51F82089A} = {010D220C-862D-4928-889B-D7D62945CECA}
		{5562E762-696A-4348-A353-502D8077AFD0} = {D30D9FF2-7B60-4E24-8D08-9A971A8063FD}
		{3F463F8A-1C1A-46D3-B281-BB4689E1307B} = {010D220C-862D-4928-889B-D7D62945CECA}
		{D89EDABE-DC6C-4A8D-8A9D-10FB94E74044} = {D30D9FF2-7B60-4E24-8D08-9A971A8063FD}
	EndGlobalSection
	GlobalSection(ExtensibilityGlobals) = postSolution
		SolutionGuid = {81AB9BD7-96C7-4FBF-908C-587DFD1BA728}
	EndGlobalSection
EndGlobal
